
Microsoft Visual Studio Solution File, Format Version 12.00
# Visual Studio Version 17
VisualStudioVersion = 17.0.31903.59
MinimumVisualStudioVersion = 10.0.40219.1
Project("{2150E333-8FDC-42A3-9474-1A3956D46DE8}") = "benchmarks", "benchmarks", "{95484796-0BF6-4282-8BC9-DEC8A4AE9DA0}"
EndProject
Project("{FAE04EC0-301F-11D3-BF4B-00C04F79EFBC}") = "Shorthand.HttpArchive.HttpClient.Benchmarks", "benchmarks\Shorthand.HttpArchive.HttpClient.Benchmarks\Shorthand.HttpArchive.HttpClient.Benchmarks.csproj", "{15B5F173-6C71-4B8B-8775-A5C98B5A056F}"
EndProject
Project("{2150E333-8FDC-42A3-9474-1A3956D46DE8}") = "src", "src", "{C05AA51F-6877-457A-B67A-EFD8A3E3C2D9}"
EndProject
Project("{FAE04EC0-301F-11D3-BF4B-00C04F79EFBC}") = "Shorthand.HttpArchive.HttpClient.CommandLine", "src\Shorthand.HttpArchive.HttpClient.CommandLine\Shorthand.HttpArchive.HttpClient.CommandLine.csproj", "{D31F8939-6BBC-40F0-B073-6720E28E8A0C}"
EndProject
Project("{FAE04EC0-301F-11D3-BF4B-00C04F79EFBC}") = "Shorthand.HttpArchive.HttpClient", "src\Shorthand.HttpArchive.HttpClient\Shorthand.HttpArchive.HttpClient.csproj", "{9A34F858-1D65-4C3E-A971-F5CF039DBB4E}"
EndProject
Project("{2150E333-8FDC-42A3-9474-1A3956D46DE8}") = "test", "test", "{5C0D664E-A915-4178-B4E4-4FF80DCEE8C7}"
EndProject
Project("{FAE04EC0-301F-11D3-BF4B-00C04F79EFBC}") = "Shorthand.HttpArchive.TestHelpers", "test\Shorthand.HttpArchive.TestHelpers\Shorthand.HttpArchive.TestHelpers.csproj", "{1BEA48BC-D268-4530-8C03-18A6E546D40C}"
EndProject
Project("{FAE04EC0-301F-11D3-BF4B-00C04F79EFBC}") = "Shorthand.HttpArchive.HttpClient.Tests", "test\Shorthand.HttpArchive.HttpClient.Tests\Shorthand.HttpArchive.HttpClient.Tests.csproj", "{749367F0-7F55-4AA8-9A10-3F22AF4FDD43}"
EndProject
Project("{FAE04EC0-301F-11D3-BF4B-00C04F79EFBC}") = "Shorthand.HttpArchive", "src\Shorthand.HttpArchive\Shorthand.HttpArchive.csproj", "{280C0B4C-E9BD-43EF-97C0-059126A3772B}"
EndProject
Project("{FAE04EC0-301F-11D3-BF4B-00C04F79EFBC}") = "Shorthand.HttpArchive.Tests", "test\Shorthand.HttpArchive.Tests\Shorthand.HttpArchive.Tests.csproj", "{A78B4A0C-E1B9-448E-9CBB-0999D4B443CB}"
EndProject
Global
	GlobalSection(SolutionConfigurationPlatforms) = preSolution
		Debug|Any CPU = Debug|Any CPU
		Release|Any CPU = Release|Any CPU
	EndGlobalSection
	GlobalSection(SolutionProperties) = preSolution
		HideSolutionNode = FALSE
	EndGlobalSection
	GlobalSection(ProjectConfigurationPlatforms) = postSolution
		{15B5F173-6C71-4B8B-8775-A5C98B5A056F}.Debug|Any CPU.ActiveCfg = Debug|Any CPU
		{15B5F173-6C71-4B8B-8775-A5C98B5A056F}.Debug|Any CPU.Build.0 = Debug|Any CPU
		{15B5F173-6C71-4B8B-8775-A5C98B5A056F}.Release|Any CPU.ActiveCfg = Release|Any CPU
		{15B5F173-6C71-4B8B-8775-A5C98B5A056F}.Release|Any CPU.Build.0 = Release|Any CPU
		{D31F8939-6BBC-40F0-B073-6720E28E8A0C}.Debug|Any CPU.ActiveCfg = Debug|Any CPU
		{D31F8939-6BBC-40F0-B073-6720E28E8A0C}.Debug|Any CPU.Build.0 = Debug|Any CPU
		{D31F8939-6BBC-40F0-B073-6720E28E8A0C}.Release|Any CPU.ActiveCfg = Release|Any CPU
		{D31F8939-6BBC-40F0-B073-6720E28E8A0C}.Release|Any CPU.Build.0 = Release|Any CPU
		{9A34F858-1D65-4C3E-A971-F5CF039DBB4E}.Debug|Any CPU.ActiveCfg = Debug|Any CPU
		{9A34F858-1D65-4C3E-A971-F5CF039DBB4E}.Debug|Any CPU.Build.0 = Debug|Any CPU
		{9A34F858-1D65-4C3E-A971-F5CF039DBB4E}.Release|Any CPU.ActiveCfg = Release|Any CPU
		{9A34F858-1D65-4C3E-A971-F5CF039DBB4E}.Release|Any CPU.Build.0 = Release|Any CPU
		{1BEA48BC-D268-4530-8C03-18A6E546D40C}.Debug|Any CPU.ActiveCfg = Debug|Any CPU
		{1BEA48BC-D268-4530-8C03-18A6E546D40C}.Debug|Any CPU.Build.0 = Debug|Any CPU
		{1BEA48BC-D268-4530-8C03-18A6E546D40C}.Release|Any CPU.ActiveCfg = Release|Any CPU
		{1BEA48BC-D268-4530-8C03-18A6E546D40C}.Release|Any CPU.Build.0 = Release|Any CPU
		{749367F0-7F55-4AA8-9A10-3F22AF4FDD43}.Debug|Any CPU.ActiveCfg = Debug|Any CPU
		{749367F0-7F55-4AA8-9A10-3F22AF4FDD43}.Debug|Any CPU.Build.0 = Debug|Any CPU
		{749367F0-7F55-4AA8-9A10-3F22AF4FDD43}.Release|Any CPU.ActiveCfg = Release|Any CPU
		{749367F0-7F55-4AA8-9A10-3F22AF4FDD43}.Release|Any CPU.Build.0 = Release|Any CPU
		{280C0B4C-E9BD-43EF-97C0-059126A3772B}.Debug|Any CPU.ActiveCfg = Debug|Any CPU
		{280C0B4C-E9BD-43EF-97C0-059126A3772B}.Debug|Any CPU.Build.0 = Debug|Any CPU
		{280C0B4C-E9BD-43EF-97C0-059126A3772B}.Release|Any CPU.ActiveCfg = Release|Any CPU
		{280C0B4C-E9BD-43EF-97C0-059126A3772B}.Release|Any CPU.Build.0 = Release|Any CPU
		{A78B4A0C-E1B9-448E-9CBB-0999D4B443CB}.Debug|Any CPU.ActiveCfg = Debug|Any CPU
		{A78B4A0C-E1B9-448E-9CBB-0999D4B443CB}.Debug|Any CPU.Build.0 = Debug|Any CPU
		{A78B4A0C-E1B9-448E-9CBB-0999D4B443CB}.Release|Any CPU.ActiveCfg = Release|Any CPU
		{A78B4A0C-E1B9-448E-9CBB-0999D4B443CB}.Release|Any CPU.Build.0 = Release|Any CPU
	EndGlobalSection
	GlobalSection(NestedProjects) = preSolution
		{15B5F173-6C71-4B8B-8775-A5C98B5A056F} = {95484796-0BF6-4282-8BC9-DEC8A4AE9DA0}
		{D31F8939-6BBC-40F0-B073-6720E28E8A0C} = {C05AA51F-6877-457A-B67A-EFD8A3E3C2D9}
		{9A34F858-1D65-4C3E-A971-F5CF039DBB4E} = {C05AA51F-6877-457A-B67A-EFD8A3E3C2D9}
		{1BEA48BC-D268-4530-8C03-18A6E546D40C} = {5C0D664E-A915-4178-B4E4-4FF80DCEE8C7}
		{749367F0-7F55-4AA8-9A10-3F22AF4FDD43} = {5C0D664E-A915-4178-B4E4-4FF80DCEE8C7}
		{280C0B4C-E9BD-43EF-97C0-059126A3772B} = {C05AA51F-6877-457A-B67A-EFD8A3E3C2D9}
		{A78B4A0C-E1B9-448E-9CBB-0999D4B443CB} = {5C0D664E-A915-4178-B4E4-4FF80DCEE8C7}
	EndGlobalSection
EndGlobal
